
Microsoft Visual Studio Solution File, Format Version 12.00
# Visual Studio 15
VisualStudioVersion = 15.0.28010.2003
MinimumVisualStudioVersion = 10.0.40219.1
Project("{F184B08F-C81C-45F6-A57F-5ABD9991F28F}") = "BatchImageResizer", "BatchImageResizer\BatchImageResizer.vbproj", "{9D77AD63-9EDF-4DAC-AF7F-283B8E33C9ED}"
EndProject
Global
	GlobalSection(SolutionConfigurationPlatforms) = preSolution
		Debug|Any CPU = Debug|Any CPU
		Debug|x86 = Debug|x86
		Release|Any CPU = Release|Any CPU
		Release|x86 = Release|x86
	EndGlobalSection
	GlobalSection(ProjectConfigurationPlatforms) = postSolution
		{9D77AD63-9EDF-4DAC-AF7F-283B8E33C9ED}.Debug|Any CPU.ActiveCfg = Debug|Any CPU
		{9D77AD63-9EDF-4DAC-AF7F-283B8E33C9ED}.Debug|Any CPU.Build.0 = Debug|Any CPU
		{9D77AD63-9EDF-4DAC-AF7F-283B8E33C9ED}.Debug|x86.ActiveCfg = Debug|x86
		{9D77AD63-9EDF-4DAC-AF7F-283B8E33C9ED}.Debug|x86.Build.0 = Debug|x86
		{9D77AD63-9EDF-4DAC-AF7F-283B8E33C9ED}.Release|Any CPU.ActiveCfg = Release|Any CPU
		{9D77AD63-9EDF-4DAC-AF7F-283B8E33C9ED}.Release|Any CPU.Build.0 = Release|Any CPU
		{9D77AD63-9EDF-4DAC-AF7F-283B8E33C9ED}.Release|x86.ActiveCfg = Release|x86
		{9D77AD63-9EDF-4DAC-AF7F-283B8E33C9ED}.Release|x86.Build.0 = Release|x86
	EndGlobalSection
	GlobalSection(SolutionProperties) = preSolution
		HideSolutionNode = FALSE
	EndGlobalSection
	GlobalSection(ExtensibilityGlobals) = postSolution
		SolutionGuid = {BA4D0C44-074B-4D3B-AEB2-C8FA2CC1A8E7}
	EndGlobalSection
EndGlobal
